// !$*UTF8*$!
{
	archiveVersion = 1;
	classes = {
	};
	objectVersion = 50;
	objects = {

/* Begin PBXBuildFile section */
		3F27A5855C00793963A5A30B /* Pods_REC___Real_Estate_Calculator.framework in Frameworks */ = {isa = PBXBuildFile; fileRef = 2252DBE5786F32EF2791A875 /* Pods_REC___Real_Estate_Calculator.framework */; };
		F339EB6821CC5AB100B8D23F /* SearchView.swift in Sources */ = {isa = PBXBuildFile; fileRef = F339EB6721CC5AB100B8D23F /* SearchView.swift */; };
		F339EB6A21CC617D00B8D23F /* ProfileView.swift in Sources */ = {isa = PBXBuildFile; fileRef = F339EB6921CC617D00B8D23F /* ProfileView.swift */; };
		F35D870A21D09B2800DD446C /* JSONParameterEncoder.swift in Sources */ = {isa = PBXBuildFile; fileRef = F35D870921D09B2800DD446C /* JSONParameterEncoder.swift */; };
		F35D870C21D09BFE00DD446C /* NetworkRouter.swift in Sources */ = {isa = PBXBuildFile; fileRef = F35D870B21D09BFE00DD446C /* NetworkRouter.swift */; };
		F35D870E21D09F5800DD446C /* Router.swift in Sources */ = {isa = PBXBuildFile; fileRef = F35D870D21D09F5800DD446C /* Router.swift */; };
		F360BA3B21C5BEF000C5FDF4 /* EditProperty.swift in Sources */ = {isa = PBXBuildFile; fileRef = F360BA3A21C5BEF000C5FDF4 /* EditProperty.swift */; };
		F360BA3D21C5BF3100C5FDF4 /* EditValueView.swift in Sources */ = {isa = PBXBuildFile; fileRef = F360BA3C21C5BF3100C5FDF4 /* EditValueView.swift */; };
		F361FBC021C7139F00395F4C /* Calculate.swift in Sources */ = {isa = PBXBuildFile; fileRef = F361FBBF21C7139F00395F4C /* Calculate.swift */; };
		F39E074921C4B7E700F3846A /* ValueView.swift in Sources */ = {isa = PBXBuildFile; fileRef = F39E074821C4B7E700F3846A /* ValueView.swift */; };
		F39E074B21C4C84D00F3846A /* GoogleService-Info.plist in Resources */ = {isa = PBXBuildFile; fileRef = F39E074A21C4C84D00F3846A /* GoogleService-Info.plist */; };
		F3BFD25A21CEE3950074559C /* EndPointProtocol.swift in Sources */ = {isa = PBXBuildFile; fileRef = F3BFD25921CEE3950074559C /* EndPointProtocol.swift */; };
		F3BFD25D21CEE5280074559C /* HTTPMethod.swift in Sources */ = {isa = PBXBuildFile; fileRef = F3BFD25C21CEE5280074559C /* HTTPMethod.swift */; };
		F3BFD25F21CEE5B40074559C /* HTTPTask.swift in Sources */ = {isa = PBXBuildFile; fileRef = F3BFD25E21CEE5B40074559C /* HTTPTask.swift */; };
		F3BFD26221CEE6A40074559C /* ParameterEncoding.swift in Sources */ = {isa = PBXBuildFile; fileRef = F3BFD26121CEE6A40074559C /* ParameterEncoding.swift */; };
		F3BFD26421CEE7CF0074559C /* URLParameterEncoder.swift in Sources */ = {isa = PBXBuildFile; fileRef = F3BFD26321CEE7CF0074559C /* URLParameterEncoder.swift */; };
		F3D40F2B21C34A8D0025640A /* AppDelegate.swift in Sources */ = {isa = PBXBuildFile; fileRef = F3D40F2A21C34A8D0025640A /* AppDelegate.swift */; };
		F3D40F2D21C34A8D0025640A /* Login.swift in Sources */ = {isa = PBXBuildFile; fileRef = F3D40F2C21C34A8D0025640A /* Login.swift */; };
		F3D40F3221C34A8E0025640A /* Assets.xcassets in Resources */ = {isa = PBXBuildFile; fileRef = F3D40F3121C34A8E0025640A /* Assets.xcassets */; };
		F3D40F3521C34A8E0025640A /* LaunchScreen.storyboard in Resources */ = {isa = PBXBuildFile; fileRef = F3D40F3321C34A8E0025640A /* LaunchScreen.storyboard */; };
		F3D40F3D21C34FF70025640A /* Constraints-Extention.swift in Sources */ = {isa = PBXBuildFile; fileRef = F3D40F3C21C34FF70025640A /* Constraints-Extention.swift */; };
		F3D40F4421C3588F0025640A /* PropertiesList.swift in Sources */ = {isa = PBXBuildFile; fileRef = F3D40F4321C3588F0025640A /* PropertiesList.swift */; };
		F3D40F4721C376AE0025640A /* TableViewCell.swift in Sources */ = {isa = PBXBuildFile; fileRef = F3D40F4621C376AE0025640A /* TableViewCell.swift */; };
		F3D40F4A21C384CB0025640A /* property.swift in Sources */ = {isa = PBXBuildFile; fileRef = F3D40F4921C384CB0025640A /* property.swift */; };
		F3D40F4C21C38C100025640A /* NewProperty.swift in Sources */ = {isa = PBXBuildFile; fileRef = F3D40F4B21C38C100025640A /* NewProperty.swift */; };
/* End PBXBuildFile section */

/* Begin PBXFileReference section */
		2252DBE5786F32EF2791A875 /* Pods_REC___Real_Estate_Calculator.framework */ = {isa = PBXFileReference; explicitFileType = wrapper.framework; includeInIndex = 0; path = "Pods_REC___Real_Estate_Calculator.framework"; sourceTree = BUILT_PRODUCTS_DIR; };
		57D8EC0F085C01E4FB39C6C1 /* Pods-REC - Real Estate Calculator.release.xcconfig */ = {isa = PBXFileReference; includeInIndex = 1; lastKnownFileType = text.xcconfig; name = "Pods-REC - Real Estate Calculator.release.xcconfig"; path = "Pods/Target Support Files/Pods-REC - Real Estate Calculator/Pods-REC - Real Estate Calculator.release.xcconfig"; sourceTree = "<group>"; };
		DA89CEB862A87692656CB044 /* Pods-REC - Real Estate Calculator.debug.xcconfig */ = {isa = PBXFileReference; includeInIndex = 1; lastKnownFileType = text.xcconfig; name = "Pods-REC - Real Estate Calculator.debug.xcconfig"; path = "Pods/Target Support Files/Pods-REC - Real Estate Calculator/Pods-REC - Real Estate Calculator.debug.xcconfig"; sourceTree = "<group>"; };
		F339EB6721CC5AB100B8D23F /* SearchView.swift */ = {isa = PBXFileReference; lastKnownFileType = sourcecode.swift; path = SearchView.swift; sourceTree = "<group>"; };
		F339EB6921CC617D00B8D23F /* ProfileView.swift */ = {isa = PBXFileReference; lastKnownFileType = sourcecode.swift; path = ProfileView.swift; sourceTree = "<group>"; };
		F35D870921D09B2800DD446C /* JSONParameterEncoder.swift */ = {isa = PBXFileReference; lastKnownFileType = sourcecode.swift; path = JSONParameterEncoder.swift; sourceTree = "<group>"; };
		F35D870B21D09BFE00DD446C /* NetworkRouter.swift */ = {isa = PBXFileReference; lastKnownFileType = sourcecode.swift; path = NetworkRouter.swift; sourceTree = "<group>"; };
		F35D870D21D09F5800DD446C /* Router.swift */ = {isa = PBXFileReference; lastKnownFileType = sourcecode.swift; path = Router.swift; sourceTree = "<group>"; };
		F360BA3A21C5BEF000C5FDF4 /* EditProperty.swift */ = {isa = PBXFileReference; lastKnownFileType = sourcecode.swift; path = EditProperty.swift; sourceTree = "<group>"; };
		F360BA3C21C5BF3100C5FDF4 /* EditValueView.swift */ = {isa = PBXFileReference; lastKnownFileType = sourcecode.swift; path = EditValueView.swift; sourceTree = "<group>"; };
		F361FBBF21C7139F00395F4C /* Calculate.swift */ = {isa = PBXFileReference; lastKnownFileType = sourcecode.swift; path = Calculate.swift; sourceTree = "<group>"; };
		F39E074821C4B7E700F3846A /* ValueView.swift */ = {isa = PBXFileReference; lastKnownFileType = sourcecode.swift; path = ValueView.swift; sourceTree = "<group>"; };
		F39E074A21C4C84D00F3846A /* GoogleService-Info.plist */ = {isa = PBXFileReference; fileEncoding = 4; lastKnownFileType = text.plist.xml; path = "GoogleService-Info.plist"; sourceTree = "<group>"; };
		F3BFD25921CEE3950074559C /* EndPointProtocol.swift */ = {isa = PBXFileReference; lastKnownFileType = sourcecode.swift; path = EndPointProtocol.swift; sourceTree = "<group>"; };
		F3BFD25C21CEE5280074559C /* HTTPMethod.swift */ = {isa = PBXFileReference; lastKnownFileType = sourcecode.swift; path = HTTPMethod.swift; sourceTree = "<group>"; };
		F3BFD25E21CEE5B40074559C /* HTTPTask.swift */ = {isa = PBXFileReference; lastKnownFileType = sourcecode.swift; path = HTTPTask.swift; sourceTree = "<group>"; };
		F3BFD26121CEE6A40074559C /* ParameterEncoding.swift */ = {isa = PBXFileReference; lastKnownFileType = sourcecode.swift; path = ParameterEncoding.swift; sourceTree = "<group>"; };
		F3BFD26321CEE7CF0074559C /* URLParameterEncoder.swift */ = {isa = PBXFileReference; lastKnownFileType = sourcecode.swift; path = URLParameterEncoder.swift; sourceTree = "<group>"; };
		F3D40F2721C34A8D0025640A /* REC - Real Estate Calculator.app */ = {isa = PBXFileReference; explicitFileType = wrapper.application; includeInIndex = 0; path = "REC - Real Estate Calculator.app"; sourceTree = BUILT_PRODUCTS_DIR; };
		F3D40F2A21C34A8D0025640A /* AppDelegate.swift */ = {isa = PBXFileReference; lastKnownFileType = sourcecode.swift; path = AppDelegate.swift; sourceTree = "<group>"; };
		F3D40F2C21C34A8D0025640A /* Login.swift */ = {isa = PBXFileReference; lastKnownFileType = sourcecode.swift; path = Login.swift; sourceTree = "<group>"; };
		F3D40F3121C34A8E0025640A /* Assets.xcassets */ = {isa = PBXFileReference; lastKnownFileType = folder.assetcatalog; path = Assets.xcassets; sourceTree = "<group>"; };
		F3D40F3421C34A8E0025640A /* Base */ = {isa = PBXFileReference; lastKnownFileType = file.storyboard; name = Base; path = Base.lproj/LaunchScreen.storyboard; sourceTree = "<group>"; };
		F3D40F3621C34A8E0025640A /* Info.plist */ = {isa = PBXFileReference; lastKnownFileType = text.plist.xml; path = Info.plist; sourceTree = "<group>"; };
		F3D40F3C21C34FF70025640A /* Constraints-Extention.swift */ = {isa = PBXFileReference; lastKnownFileType = sourcecode.swift; path = "Constraints-Extention.swift"; sourceTree = "<group>"; };
		F3D40F4321C3588F0025640A /* PropertiesList.swift */ = {isa = PBXFileReference; lastKnownFileType = sourcecode.swift; path = PropertiesList.swift; sourceTree = "<group>"; };
		F3D40F4621C376AE0025640A /* TableViewCell.swift */ = {isa = PBXFileReference; lastKnownFileType = sourcecode.swift; path = TableViewCell.swift; sourceTree = "<group>"; };
		F3D40F4921C384CB0025640A /* property.swift */ = {isa = PBXFileReference; lastKnownFileType = sourcecode.swift; path = property.swift; sourceTree = "<group>"; };
		F3D40F4B21C38C100025640A /* NewProperty.swift */ = {isa = PBXFileReference; lastKnownFileType = sourcecode.swift; path = NewProperty.swift; sourceTree = "<group>"; };
/* End PBXFileReference section */

/* Begin PBXFrameworksBuildPhase section */
		F3D40F2421C34A8D0025640A /* Frameworks */ = {
			isa = PBXFrameworksBuildPhase;
			buildActionMask = 2147483647;
			files = (
				3F27A5855C00793963A5A30B /* Pods_REC___Real_Estate_Calculator.framework in Frameworks */,
			);
			runOnlyForDeploymentPostprocessing = 0;
		};
/* End PBXFrameworksBuildPhase section */

/* Begin PBXGroup section */
		14ED3E3CF953E636AD01C88B /* Frameworks */ = {
			isa = PBXGroup;
			children = (
				2252DBE5786F32EF2791A875 /* Pods_REC___Real_Estate_Calculator.framework */,
			);
			name = Frameworks;
			sourceTree = "<group>";
		};
		9F082A689EFE3ECD5F1DA49B /* Pods */ = {
			isa = PBXGroup;
			children = (
				DA89CEB862A87692656CB044 /* Pods-REC - Real Estate Calculator.debug.xcconfig */,
				57D8EC0F085C01E4FB39C6C1 /* Pods-REC - Real Estate Calculator.release.xcconfig */,
			);
			name = Pods;
			sourceTree = "<group>";
		};
		F3BFD25721CEE3670074559C /* Networking */ = {
			isa = PBXGroup;
			children = (
				F3BFD26021CEE69A0074559C /* Encoding */,
				F3BFD25B21CEE5100074559C /* Service */,
				F3BFD25821CEE3770074559C /* EndPoint */,
			);
			path = Networking;
			sourceTree = "<group>";
		};
		F3BFD25821CEE3770074559C /* EndPoint */ = {
			isa = PBXGroup;
			children = (
				F3BFD25921CEE3950074559C /* EndPointProtocol.swift */,
			);
			path = EndPoint;
			sourceTree = "<group>";
		};
		F3BFD25B21CEE5100074559C /* Service */ = {
			isa = PBXGroup;
			children = (
				F3BFD25C21CEE5280074559C /* HTTPMethod.swift */,
				F3BFD25E21CEE5B40074559C /* HTTPTask.swift */,
				F35D870B21D09BFE00DD446C /* NetworkRouter.swift */,
				F35D870D21D09F5800DD446C /* Router.swift */,
			);
			path = Service;
			sourceTree = "<group>";
		};
		F3BFD26021CEE69A0074559C /* Encoding */ = {
			isa = PBXGroup;
			children = (
				F3BFD26121CEE6A40074559C /* ParameterEncoding.swift */,
				F3BFD26321CEE7CF0074559C /* URLParameterEncoder.swift */,
				F35D870921D09B2800DD446C /* JSONParameterEncoder.swift */,
			);
			path = Encoding;
			sourceTree = "<group>";
		};
		F3D40F1E21C34A8C0025640A = {
			isa = PBXGroup;
			children = (
				F3D40F2921C34A8D0025640A /* REC - Real Estate Calculator */,
				F3D40F2821C34A8D0025640A /* Products */,
				9F082A689EFE3ECD5F1DA49B /* Pods */,
				14ED3E3CF953E636AD01C88B /* Frameworks */,
			);
			sourceTree = "<group>";
		};
		F3D40F2821C34A8D0025640A /* Products */ = {
			isa = PBXGroup;
			children = (
				F3D40F2721C34A8D0025640A /* REC - Real Estate Calculator.app */,
			);
			name = Products;
			sourceTree = "<group>";
		};
		F3D40F2921C34A8D0025640A /* REC - Real Estate Calculator */ = {
			isa = PBXGroup;
			children = (
				F3D40F2A21C34A8D0025640A /* AppDelegate.swift */,
				F3D40F4821C3838D0025640A /* Models */,
				F3D40F4521C3769F0025640A /* Views */,
				F3D40F4121C3584F0025640A /* Controllers */,
				F3BFD25721CEE3670074559C /* Networking */,
				F3D40F4221C358600025640A /* Extentions */,
				F3D40F3121C34A8E0025640A /* Assets.xcassets */,
				F3D40F3321C34A8E0025640A /* LaunchScreen.storyboard */,
				F39E074A21C4C84D00F3846A /* GoogleService-Info.plist */,
				F3D40F3621C34A8E0025640A /* Info.plist */,
			);
			path = "REC - Real Estate Calculator";
			sourceTree = "<group>";
		};
		F3D40F4121C3584F0025640A /* Controllers */ = {
			isa = PBXGroup;
			children = (
				F3D40F2C21C34A8D0025640A /* Login.swift */,
				F3D40F4321C3588F0025640A /* PropertiesList.swift */,
				F3D40F4B21C38C100025640A /* NewProperty.swift */,
				F360BA3A21C5BEF000C5FDF4 /* EditProperty.swift */,
				F361FBBF21C7139F00395F4C /* Calculate.swift */,
			);
			path = Controllers;
			sourceTree = "<group>";
		};
		F3D40F4221C358600025640A /* Extentions */ = {
			isa = PBXGroup;
			children = (
				F3D40F3C21C34FF70025640A /* Constraints-Extention.swift */,
			);
			path = Extentions;
			sourceTree = "<group>";
		};
		F3D40F4521C3769F0025640A /* Views */ = {
			isa = PBXGroup;
			children = (
				F339EB6721CC5AB100B8D23F /* SearchView.swift */,
				F339EB6921CC617D00B8D23F /* ProfileView.swift */,
				F3D40F4621C376AE0025640A /* TableViewCell.swift */,
				F39E074821C4B7E700F3846A /* ValueView.swift */,
				F360BA3C21C5BF3100C5FDF4 /* EditValueView.swift */,
			);
			path = Views;
			sourceTree = "<group>";
		};
		F3D40F4821C3838D0025640A /* Models */ = {
			isa = PBXGroup;
			children = (
				F3D40F4921C384CB0025640A /* property.swift */,
			);
			path = Models;
			sourceTree = "<group>";
		};
/* End PBXGroup section */

/* Begin PBXNativeTarget section */
		F3D40F2621C34A8D0025640A /* REC - Real Estate Calculator */ = {
			isa = PBXNativeTarget;
			buildConfigurationList = F3D40F3921C34A8E0025640A /* Build configuration list for PBXNativeTarget "REC - Real Estate Calculator" */;
			buildPhases = (
				1C2839D186DB7EBC75DF61F8 /* [CP] Check Pods Manifest.lock */,
				F3D40F2321C34A8D0025640A /* Sources */,
				F3D40F2421C34A8D0025640A /* Frameworks */,
				F3D40F2521C34A8D0025640A /* Resources */,
				5A6E9F123B26C550D1473D57 /* [CP] Embed Pods Frameworks */,
				66B6ADCA7FAE447771340AB3 /* [CP] Copy Pods Resources */,
			);
			buildRules = (
			);
			dependencies = (
			);
			name = "REC - Real Estate Calculator";
			productName = "REC - Real Estate Calculator";
			productReference = F3D40F2721C34A8D0025640A /* REC - Real Estate Calculator.app */;
			productType = "com.apple.product-type.application";
		};
/* End PBXNativeTarget section */

/* Begin PBXProject section */
		F3D40F1F21C34A8C0025640A /* Project object */ = {
			isa = PBXProject;
			attributes = {
				LastSwiftUpdateCheck = 1010;
				LastUpgradeCheck = 1010;
				ORGANIZATIONNAME = "Timofey Makhlay";
				TargetAttributes = {
					F3D40F2621C34A8D0025640A = {
						CreatedOnToolsVersion = 10.1;
					};
				};
			};
			buildConfigurationList = F3D40F2221C34A8C0025640A /* Build configuration list for PBXProject "REC - Real Estate Calculator" */;
			compatibilityVersion = "Xcode 9.3";
			developmentRegion = en;
			hasScannedForEncodings = 0;
			knownRegions = (
				en,
				Base,
			);
			mainGroup = F3D40F1E21C34A8C0025640A;
			productRefGroup = F3D40F2821C34A8D0025640A /* Products */;
			projectDirPath = "";
			projectRoot = "";
			targets = (
				F3D40F2621C34A8D0025640A /* REC - Real Estate Calculator */,
			);
		};
/* End PBXProject section */

/* Begin PBXResourcesBuildPhase section */
		F3D40F2521C34A8D0025640A /* Resources */ = {
			isa = PBXResourcesBuildPhase;
			buildActionMask = 2147483647;
			files = (
				F3D40F3521C34A8E0025640A /* LaunchScreen.storyboard in Resources */,
				F3D40F3221C34A8E0025640A /* Assets.xcassets in Resources */,
				F39E074B21C4C84D00F3846A /* GoogleService-Info.plist in Resources */,
			);
			runOnlyForDeploymentPostprocessing = 0;
		};
/* End PBXResourcesBuildPhase section */

/* Begin PBXShellScriptBuildPhase section */
		1C2839D186DB7EBC75DF61F8 /* [CP] Check Pods Manifest.lock */ = {
			isa = PBXShellScriptBuildPhase;
			buildActionMask = 2147483647;
			files = (
			);
			inputFileListPaths = (
			);
			inputPaths = (
				"${PODS_PODFILE_DIR_PATH}/Podfile.lock",
				"${PODS_ROOT}/Manifest.lock",
			);
			name = "[CP] Check Pods Manifest.lock";
			outputFileListPaths = (
			);
			outputPaths = (
				"$(DERIVED_FILE_DIR)/Pods-REC - Real Estate Calculator-checkManifestLockResult.txt",
			);
			runOnlyForDeploymentPostprocessing = 0;
			shellPath = /bin/sh;
			shellScript = "diff \"${PODS_PODFILE_DIR_PATH}/Podfile.lock\" \"${PODS_ROOT}/Manifest.lock\" > /dev/null\nif [ $? != 0 ] ; then\n    # print error to STDERR\n    echo \"error: The sandbox is not in sync with the Podfile.lock. Run 'pod install' or update your CocoaPods installation.\" >&2\n    exit 1\nfi\n# This output is used by Xcode 'outputs' to avoid re-running this script phase.\necho \"SUCCESS\" > \"${SCRIPT_OUTPUT_FILE_0}\"\n";
			showEnvVarsInLog = 0;
		};
		5A6E9F123B26C550D1473D57 /* [CP] Embed Pods Frameworks */ = {
			isa = PBXShellScriptBuildPhase;
			buildActionMask = 2147483647;
			files = (
			);
			inputFileListPaths = (
			);
			inputPaths = (
				"${SRCROOT}/Pods/Target Support Files/Pods-REC - Real Estate Calculator/Pods-REC - Real Estate Calculator-frameworks.sh",
				"${BUILT_PRODUCTS_DIR}/GTMOAuth2/GTMOAuth2.framework",
				"${BUILT_PRODUCTS_DIR}/GTMSessionFetcher/GTMSessionFetcher.framework",
				"${BUILT_PRODUCTS_DIR}/GoogleToolboxForMac/GoogleToolboxForMac.framework",
				"${BUILT_PRODUCTS_DIR}/GoogleUtilities/GoogleUtilities.framework",
				"${BUILT_PRODUCTS_DIR}/leveldb-library/leveldb.framework",
				"${BUILT_PRODUCTS_DIR}/nanopb/nanopb.framework",
			);
			name = "[CP] Embed Pods Frameworks";
			outputFileListPaths = (
			);
			outputPaths = (
				"${TARGET_BUILD_DIR}/${FRAMEWORKS_FOLDER_PATH}/GTMOAuth2.framework",
				"${TARGET_BUILD_DIR}/${FRAMEWORKS_FOLDER_PATH}/GTMSessionFetcher.framework",
				"${TARGET_BUILD_DIR}/${FRAMEWORKS_FOLDER_PATH}/GoogleToolboxForMac.framework",
				"${TARGET_BUILD_DIR}/${FRAMEWORKS_FOLDER_PATH}/GoogleUtilities.framework",
				"${TARGET_BUILD_DIR}/${FRAMEWORKS_FOLDER_PATH}/leveldb.framework",
				"${TARGET_BUILD_DIR}/${FRAMEWORKS_FOLDER_PATH}/nanopb.framework",
			);
			runOnlyForDeploymentPostprocessing = 0;
			shellPath = /bin/sh;
			shellScript = "\"${SRCROOT}/Pods/Target Support Files/Pods-REC - Real Estate Calculator/Pods-REC - Real Estate Calculator-frameworks.sh\"\n";
			showEnvVarsInLog = 0;
		};
		66B6ADCA7FAE447771340AB3 /* [CP] Copy Pods Resources */ = {
			isa = PBXShellScriptBuildPhase;
			buildActionMask = 2147483647;
			files = (
			);
			inputFileListPaths = (
			);
			inputPaths = (
				"${SRCROOT}/Pods/Target Support Files/Pods-REC - Real Estate Calculator/Pods-REC - Real Estate Calculator-resources.sh",
				"${PODS_ROOT}/GoogleSignIn/Resources/GoogleSignIn.bundle",
			);
			name = "[CP] Copy Pods Resources";
			outputFileListPaths = (
			);
			outputPaths = (
				"${TARGET_BUILD_DIR}/${UNLOCALIZED_RESOURCES_FOLDER_PATH}/GoogleSignIn.bundle",
			);
			runOnlyForDeploymentPostprocessing = 0;
			shellPath = /bin/sh;
			shellScript = "\"${SRCROOT}/Pods/Target Support Files/Pods-REC - Real Estate Calculator/Pods-REC - Real Estate Calculator-resources.sh\"\n";
			showEnvVarsInLog = 0;
		};
/* End PBXShellScriptBuildPhase section */

/* Begin PBXSourcesBuildPhase section */
		F3D40F2321C34A8D0025640A /* Sources */ = {
			isa = PBXSourcesBuildPhase;
			buildActionMask = 2147483647;
			files = (
				F360BA3D21C5BF3100C5FDF4 /* EditValueView.swift in Sources */,
				F339EB6A21CC617D00B8D23F /* ProfileView.swift in Sources */,
				F39E074921C4B7E700F3846A /* ValueView.swift in Sources */,
				F3D40F4721C376AE0025640A /* TableViewCell.swift in Sources */,
				F3BFD25A21CEE3950074559C /* EndPointProtocol.swift in Sources */,
				F3D40F4421C3588F0025640A /* PropertiesList.swift in Sources */,
				F339EB6821CC5AB100B8D23F /* SearchView.swift in Sources */,
				F3BFD26221CEE6A40074559C /* ParameterEncoding.swift in Sources */,
				F3BFD26421CEE7CF0074559C /* URLParameterEncoder.swift in Sources */,
				F3D40F4C21C38C100025640A /* NewProperty.swift in Sources */,
				F35D870E21D09F5800DD446C /* Router.swift in Sources */,
				F3BFD25D21CEE5280074559C /* HTTPMethod.swift in Sources */,
				F360BA3B21C5BEF000C5FDF4 /* EditProperty.swift in Sources */,
				F3D40F4A21C384CB0025640A /* property.swift in Sources */,
				F361FBC021C7139F00395F4C /* Calculate.swift in Sources */,
				F3BFD25F21CEE5B40074559C /* HTTPTask.swift in Sources */,
				F3D40F2D21C34A8D0025640A /* Login.swift in Sources */,
				F3D40F3D21C34FF70025640A /* Constraints-Extention.swift in Sources */,
				F35D870C21D09BFE00DD446C /* NetworkRouter.swift in Sources */,
				F3D40F2B21C34A8D0025640A /* AppDelegate.swift in Sources */,
				F35D870A21D09B2800DD446C /* JSONParameterEncoder.swift in Sources */,
			);
			runOnlyForDeploymentPostprocessing = 0;
		};
/* End PBXSourcesBuildPhase section */

/* Begin PBXVariantGroup section */
		F3D40F3321C34A8E0025640A /* LaunchScreen.storyboard */ = {
			isa = PBXVariantGroup;
			children = (
				F3D40F3421C34A8E0025640A /* Base */,
			);
			name = LaunchScreen.storyboard;
			sourceTree = "<group>";
		};
/* End PBXVariantGroup section */

/* Begin XCBuildConfiguration section */
		F3D40F3721C34A8E0025640A /* Debug */ = {
			isa = XCBuildConfiguration;
			buildSettings = {
				ALWAYS_SEARCH_USER_PATHS = NO;
				CLANG_ANALYZER_NONNULL = YES;
				CLANG_ANALYZER_NUMBER_OBJECT_CONVERSION = YES_AGGRESSIVE;
				CLANG_CXX_LANGUAGE_STANDARD = "gnu++14";
				CLANG_CXX_LIBRARY = "libc++";
				CLANG_ENABLE_MODULES = YES;
				CLANG_ENABLE_OBJC_ARC = YES;
				CLANG_ENABLE_OBJC_WEAK = YES;
				CLANG_WARN_BLOCK_CAPTURE_AUTORELEASING = YES;
				CLANG_WARN_BOOL_CONVERSION = YES;
				CLANG_WARN_COMMA = YES;
				CLANG_WARN_CONSTANT_CONVERSION = YES;
				CLANG_WARN_DEPRECATED_OBJC_IMPLEMENTATIONS = YES;
				CLANG_WARN_DIRECT_OBJC_ISA_USAGE = YES_ERROR;
				CLANG_WARN_DOCUMENTATION_COMMENTS = YES;
				CLANG_WARN_EMPTY_BODY = YES;
				CLANG_WARN_ENUM_CONVERSION = YES;
				CLANG_WARN_INFINITE_RECURSION = YES;
				CLANG_WARN_INT_CONVERSION = YES;
				CLANG_WARN_NON_LITERAL_NULL_CONVERSION = YES;
				CLANG_WARN_OBJC_IMPLICIT_RETAIN_SELF = YES;
				CLANG_WARN_OBJC_LITERAL_CONVERSION = YES;
				CLANG_WARN_OBJC_ROOT_CLASS = YES_ERROR;
				CLANG_WARN_RANGE_LOOP_ANALYSIS = YES;
				CLANG_WARN_STRICT_PROTOTYPES = YES;
				CLANG_WARN_SUSPICIOUS_MOVE = YES;
				CLANG_WARN_UNGUARDED_AVAILABILITY = YES_AGGRESSIVE;
				CLANG_WARN_UNREACHABLE_CODE = YES;
				CLANG_WARN__DUPLICATE_METHOD_MATCH = YES;
				CODE_SIGN_IDENTITY = "iPhone Developer";
				COPY_PHASE_STRIP = NO;
				DEBUG_INFORMATION_FORMAT = dwarf;
				ENABLE_STRICT_OBJC_MSGSEND = YES;
				ENABLE_TESTABILITY = YES;
				GCC_C_LANGUAGE_STANDARD = gnu11;
				GCC_DYNAMIC_NO_PIC = NO;
				GCC_NO_COMMON_BLOCKS = YES;
				GCC_OPTIMIZATION_LEVEL = 0;
				GCC_PREPROCESSOR_DEFINITIONS = (
					"DEBUG=1",
					"$(inherited)",
				);
				GCC_WARN_64_TO_32_BIT_CONVERSION = YES;
				GCC_WARN_ABOUT_RETURN_TYPE = YES_ERROR;
				GCC_WARN_UNDECLARED_SELECTOR = YES;
				GCC_WARN_UNINITIALIZED_AUTOS = YES_AGGRESSIVE;
				GCC_WARN_UNUSED_FUNCTION = YES;
				GCC_WARN_UNUSED_VARIABLE = YES;
				IPHONEOS_DEPLOYMENT_TARGET = 12.1;
				MTL_ENABLE_DEBUG_INFO = INCLUDE_SOURCE;
				MTL_FAST_MATH = YES;
				ONLY_ACTIVE_ARCH = YES;
				SDKROOT = iphoneos;
				SWIFT_ACTIVE_COMPILATION_CONDITIONS = DEBUG;
				SWIFT_OPTIMIZATION_LEVEL = "-Onone";
			};
			name = Debug;
		};
		F3D40F3821C34A8E0025640A /* Release */ = {
			isa = XCBuildConfiguration;
			buildSettings = {
				ALWAYS_SEARCH_USER_PATHS = NO;
				CLANG_ANALYZER_NONNULL = YES;
				CLANG_ANALYZER_NUMBER_OBJECT_CONVERSION = YES_AGGRESSIVE;
				CLANG_CXX_LANGUAGE_STANDARD = "gnu++14";
				CLANG_CXX_LIBRARY = "libc++";
				CLANG_ENABLE_MODULES = YES;
				CLANG_ENABLE_OBJC_ARC = YES;
				CLANG_ENABLE_OBJC_WEAK = YES;
				CLANG_WARN_BLOCK_CAPTURE_AUTORELEASING = YES;
				CLANG_WARN_BOOL_CONVERSION = YES;
				CLANG_WARN_COMMA = YES;
				CLANG_WARN_CONSTANT_CONVERSION = YES;
				CLANG_WARN_DEPRECATED_OBJC_IMPLEMENTATIONS = YES;
				CLANG_WARN_DIRECT_OBJC_ISA_USAGE = YES_ERROR;
				CLANG_WARN_DOCUMENTATION_COMMENTS = YES;
				CLANG_WARN_EMPTY_BODY = YES;
				CLANG_WARN_ENUM_CONVERSION = YES;
				CLANG_WARN_INFINITE_RECURSION = YES;
				CLANG_WARN_INT_CONVERSION = YES;
				CLANG_WARN_NON_LITERAL_NULL_CONVERSION = YES;
				CLANG_WARN_OBJC_IMPLICIT_RETAIN_SELF = YES;
				CLANG_WARN_OBJC_LITERAL_CONVERSION = YES;
				CLANG_WARN_OBJC_ROOT_CLASS = YES_ERROR;
				CLANG_WARN_RANGE_LOOP_ANALYSIS = YES;
				CLANG_WARN_STRICT_PROTOTYPES = YES;
				CLANG_WARN_SUSPICIOUS_MOVE = YES;
				CLANG_WARN_UNGUARDED_AVAILABILITY = YES_AGGRESSIVE;
				CLANG_WARN_UNREACHABLE_CODE = YES;
				CLANG_WARN__DUPLICATE_METHOD_MATCH = YES;
				CODE_SIGN_IDENTITY = "iPhone Developer";
				COPY_PHASE_STRIP = NO;
				DEBUG_INFORMATION_FORMAT = "dwarf-with-dsym";
				ENABLE_NS_ASSERTIONS = NO;
				ENABLE_STRICT_OBJC_MSGSEND = YES;
				GCC_C_LANGUAGE_STANDARD = gnu11;
				GCC_NO_COMMON_BLOCKS = YES;
				GCC_WARN_64_TO_32_BIT_CONVERSION = YES;
				GCC_WARN_ABOUT_RETURN_TYPE = YES_ERROR;
				GCC_WARN_UNDECLARED_SELECTOR = YES;
				GCC_WARN_UNINITIALIZED_AUTOS = YES_AGGRESSIVE;
				GCC_WARN_UNUSED_FUNCTION = YES;
				GCC_WARN_UNUSED_VARIABLE = YES;
				IPHONEOS_DEPLOYMENT_TARGET = 12.1;
				MTL_ENABLE_DEBUG_INFO = NO;
				MTL_FAST_MATH = YES;
				SDKROOT = iphoneos;
				SWIFT_COMPILATION_MODE = wholemodule;
				SWIFT_OPTIMIZATION_LEVEL = "-O";
				VALIDATE_PRODUCT = YES;
			};
			name = Release;
		};
		F3D40F3A21C34A8E0025640A /* Debug */ = {
			isa = XCBuildConfiguration;
			baseConfigurationReference = DA89CEB862A87692656CB044 /* Pods-REC - Real Estate Calculator.debug.xcconfig */;
			buildSettings = {
				ASSETCATALOG_COMPILER_APPICON_NAME = AppIcon;
				CODE_SIGN_STYLE = Automatic;
				DEVELOPMENT_TEAM = SAZ2DLKCVY;
				INFOPLIST_FILE = "REC - Real Estate Calculator/Info.plist";
				IPHONEOS_DEPLOYMENT_TARGET = 11;
				LD_RUNPATH_SEARCH_PATHS = (
					"$(inherited)",
					"@executable_path/Frameworks",
				);
				PRODUCT_BUNDLE_IDENTIFIER = "Timofey-Makhlay.REC---Real-Estate-Calculator";
				PRODUCT_NAME = "$(TARGET_NAME)";
				SWIFT_VERSION = 4.2;
				TARGETED_DEVICE_FAMILY = "1,2";
			};
			name = Debug;
		};
		F3D40F3B21C34A8E0025640A /* Release */ = {
			isa = XCBuildConfiguration;
			baseConfigurationReference = 57D8EC0F085C01E4FB39C6C1 /* Pods-REC - Real Estate Calculator.release.xcconfig */;
			buildSettings = {
				ASSETCATALOG_COMPILER_APPICON_NAME = AppIcon;
				CODE_SIGN_STYLE = Automatic;
				DEVELOPMENT_TEAM = SAZ2DLKCVY;
				INFOPLIST_FILE = "REC - Real Estate Calculator/Info.plist";
				IPHONEOS_DEPLOYMENT_TARGET = 11;
				LD_RUNPATH_SEARCH_PATHS = (
					"$(inherited)",
					"@executable_path/Frameworks",
				);
				PRODUCT_BUNDLE_IDENTIFIER = "Timofey-Makhlay.REC---Real-Estate-Calculator";
				PRODUCT_NAME = "$(TARGET_NAME)";
				SWIFT_VERSION = 4.2;
				TARGETED_DEVICE_FAMILY = "1,2";
			};
			name = Release;
		};
/* End XCBuildConfiguration section */

/* Begin XCConfigurationList section */
		F3D40F2221C34A8C0025640A /* Build configuration list for PBXProject "REC - Real Estate Calculator" */ = {
			isa = XCConfigurationList;
			buildConfigurations = (
				F3D40F3721C34A8E0025640A /* Debug */,
				F3D40F3821C34A8E0025640A /* Release */,
			);
			defaultConfigurationIsVisible = 0;
			defaultConfigurationName = Release;
		};
		F3D40F3921C34A8E0025640A /* Build configuration list for PBXNativeTarget "REC - Real Estate Calculator" */ = {
			isa = XCConfigurationList;
			buildConfigurations = (
				F3D40F3A21C34A8E0025640A /* Debug */,
				F3D40F3B21C34A8E0025640A /* Release */,
			);
			defaultConfigurationIsVisible = 0;
			defaultConfigurationName = Release;
		};
/* End XCConfigurationList section */
	};
	rootObject = F3D40F1F21C34A8C0025640A /* Project object */;
}
